<?xml version="1.0" encoding="utf-8"?>
<Project ToolsVersion="4.0" xmlns="http://schemas.microsoft.com/developer/msbuild/2003">
  <ItemGroup>
    <Filter Include="Source Files">
      <UniqueIdentifier>{4FC737F1-C7A5-4376-A066-2A32D752A2FF}</UniqueIdentifier>
      <Extensions>cpp;c;cc;cxx;c++;cppm;ixx;def;odl;idl;hpj;bat;asm;asmx</Extensions>
    </Filter>
    <Filter Include="Header Files">
      <UniqueIdentifier>{93995380-89BD-4b04-88EB-625FBE52EBFB}</UniqueIdentifier>
      <Extensions>h;hh;hpp;hxx;h++;hm;inl;inc;ipp;xsd</Extensions>
    </Filter>
    <Filter Include="Resource Files">
      <UniqueIdentifier>{67DA6AB6-F800-4c08-8B7A-83BB121AAD01}</UniqueIdentifier>
      <Extensions>rc;ico;cur;bmp;dlg;rc2;rct;bin;rgs;gif;jpg;jpeg;jpe;resx;tiff;tif;png;wav;mfcribbon-ms</Extensions>
    </Filter>
  </ItemGroup>
  <ItemGroup>
    <ClCompile Include="animation-generator-app.cpp">
      <Filter>Source Files</Filter>
    </ClCompile>
    <ClCompile Include="misc.cpp">
      <Filter>Source Files</Filter>
    </ClCompile>
    <ClCompile Include="norm-calc.cpp">
      <Filter>Source Files</Filter>
    </ClCompile>
    <ClCompile Include="buffer-space-normalizer.cpp">
      <Filter>Source Files</Filter>
    </ClCompile>
    <ClCompile Include="buffer-point.cpp">
      <Filter>Source Files</Filter>
    </ClCompile>
    <ClCompile Include="buffer-pixel.cpp">
      <Filter>Source Files</Filter>
    </ClCompile>
    <ClCompile Include="graphics-buffer.cpp">
      <Filter>Source Files</Filter>
    </ClCompile>
    <ClCompile Include="animation-generator-gui.cpp">
      <Filter>Source Files</Filter>
    </ClCompile>
    <ClCompile Include="animation-generator-ui.cpp">
      <Filter>Source Files</Filter>
    </ClCompile>
    <ClCompile Include="AnimationGeneratorMainFrame.cpp">
      <Filter>Source Files</Filter>
    </ClCompile>
    <ClCompile Include="wxWidgets-buffer-converter.cpp">
      <Filter>Source Files</Filter>
    </ClCompile>
    <ClCompile Include="model.cpp">
      <Filter>Source Files</Filter>
    </ClCompile>
    <ClCompile Include="simple-animation-generator.cpp">
      <Filter>Source Files</Filter>
    </ClCompile>
    <ClCompile Include="transitions-manager.cpp">
      <Filter>Source Files</Filter>
    </ClCompile>
    <ClCompile Include="generate-animation-simple.cpp">
      <Filter>Source Files</Filter>
    </ClCompile>
    <ClCompile Include="FramePreviewAction.cpp">
      <Filter>Source Files</Filter>
    </ClCompile>
    <ClCompile Include="normalized-blit.cpp">
      <Filter>Source Files</Filter>
    </ClCompile>
    <ClCompile Include="slide-transition-filler.cpp">
      <Filter>Source Files</Filter>
    </ClCompile>
    <ClCompile Include="buffer-brightness-changer.cpp">
      <Filter>Source Files</Filter>
    </ClCompile>
    <ClCompile Include="brightness-change-transition-filler.cpp">
      <Filter>Source Files</Filter>
    </ClCompile>
    <ClCompile Include="buffer-scaler.cpp">
      <Filter>Source Files</Filter>
    </ClCompile>
    <ClCompile Include="central-scaling-transition-filler.cpp">
      <Filter>Source Files</Filter>
    </ClCompile>
    <ClCompile Include="letter-rotation-transition-filler.cpp">
      <Filter>Source Files</Filter>
    </ClCompile>
    <ClCompile Include="buffer-blender.cpp">
      <Filter>Source Files</Filter>
    </ClCompile>
  </ItemGroup>
  <ItemGroup>
    <ClInclude Include="animation-generator-app.h">
      <Filter>Header Files</Filter>
    </ClInclude>
    <ClInclude Include="misc.h">
      <Filter>Header Files</Filter>
    </ClInclude>
    <ClInclude Include="norm-calc.h">
      <Filter>Header Files</Filter>
    </ClInclude>
    <ClInclude Include="buffer-space-normalizer.h">
      <Filter>Header Files</Filter>
    </ClInclude>
    <ClInclude Include="buffer-point.h">
      <Filter>Header Files</Filter>
    </ClInclude>
    <ClInclude Include="buffer-pixel.h">
      <Filter>Header Files</Filter>
    </ClInclude>
    <ClInclude Include="graphics-buffer.h">
      <Filter>Header Files</Filter>
    </ClInclude>
    <ClInclude Include="animation-generator-gui.h">
      <Filter>Header Files</Filter>
    </ClInclude>
    <ClInclude Include="animation-generator-ui.h">
      <Filter>Header Files</Filter>
    </ClInclude>
    <ClInclude Include="animation-generator-ui-actions.h">
      <Filter>Header Files</Filter>
    </ClInclude>
    <ClInclude Include="AnimationGeneratorMainFrame.h">
      <Filter>Header Files</Filter>
    </ClInclude>
    <ClInclude Include="wxWidgets-buffer-converter.h">
      <Filter>Header Files</Filter>
    </ClInclude>
    <ClInclude Include="model.h">
      <Filter>Header Files</Filter>
    </ClInclude>
    <ClInclude Include="generate-animation-interface.h">
      <Filter>Header Files</Filter>
    </ClInclude>
    <ClInclude Include="animation-frame-filler-interface.h">
      <Filter>Header Files</Filter>
    </ClInclude>
    <ClInclude Include="simple-animation-generator.h">
      <Filter>Header Files</Filter>
    </ClInclude>
    <ClInclude Include="transitions-manager.h">
      <Filter>Header Files</Filter>
    </ClInclude>
    <ClInclude Include="generate-animation-simple.h">
      <Filter>Header Files</Filter>
    </ClInclude>
    <ClInclude Include="FramePreviewAction.h">
      <Filter>Header Files</Filter>
    </ClInclude>
    <ClInclude Include="normalized-blit.h">
      <Filter>Header Files</Filter>
    </ClInclude>
    <ClInclude Include="slide-transition-filler.h">
      <Filter>Header Files</Filter>
    </ClInclude>
    <ClInclude Include="buffer-brightness-changer.h">
      <Filter>Header Files</Filter>
    </ClInclude>
    <ClInclude Include="brightness-change-transition-filler.h">
      <Filter>Header Files</Filter>
    </ClInclude>
    <ClInclude Include="buffer-scaler.h">
      <Filter>Header Files</Filter>
    </ClInclude>
    <ClInclude Include="central-scaling-transition-filler.h">
      <Filter>Header Files</Filter>
    </ClInclude>
    <ClInclude Include="letter-rotation-transition-filler.h">
      <Filter>Header Files</Filter>
    </ClInclude>
    <ClInclude Include="buffer-blender.h">
      <Filter>Header Files</Filter>
    </ClInclude>
  </ItemGroup>
</Project>