<?xml version="1.0" encoding="utf-8"?>
<Project ToolsVersion="4.0" xmlns="http://schemas.microsoft.com/developer/msbuild/2003">
  <ItemGroup>
    <Filter Include="Source Files">
      <UniqueIdentifier>{4FC737F1-C7A5-4376-A066-2A32D752A2FF}</UniqueIdentifier>
      <Extensions>cpp;c;cc;cxx;c++;cppm;ixx;def;odl;idl;hpj;bat;asm;asmx</Extensions>
    </Filter>
    <Filter Include="Header Files">
      <UniqueIdentifier>{93995380-89BD-4b04-88EB-625FBE52EBFB}</UniqueIdentifier>
      <Extensions>h;hh;hpp;hxx;h++;hm;inl;inc;ipp;xsd</Extensions>
    </Filter>
    <Filter Include="Resource Files">
      <UniqueIdentifier>{67DA6AB6-F800-4c08-8B7A-83BB121AAD01}</UniqueIdentifier>
      <Extensions>rc;ico;cur;bmp;dlg;rc2;rct;bin;rgs;gif;jpg;jpeg;jpe;resx;tiff;tif;png;wav;mfcribbon-ms</Extensions>
    </Filter>
  </ItemGroup>
  <ItemGroup>
    <ClCompile Include="main.cpp">
      <Filter>Source Files</Filter>
    </ClCompile>
    <ClCompile Include="visual-tests-app.cpp">
      <Filter>Source Files</Filter>
    </ClCompile>
    <ClCompile Include="tests\example-test\example-test.cpp">
      <Filter>Source Files</Filter>
    </ClCompile>
    <ClCompile Include="visual-tests-manager.cpp">
      <Filter>Source Files</Filter>
    </ClCompile>
    <ClCompile Include="visual-tests-frame.cpp">
      <Filter>Source Files</Filter>
    </ClCompile>
    <ClCompile Include="tests\animation-generator-ui-test\animation-generator-ui-test.cpp">
      <Filter>Source Files</Filter>
    </ClCompile>
    <ClCompile Include="tests\graphic-buffer\graphic-buffer-test.cpp">
      <Filter>Source Files</Filter>
    </ClCompile>
    <ClCompile Include="tests\sections-test\sections-test.cpp">
      <Filter>Source Files</Filter>
    </ClCompile>
    <ClCompile Include="tests\blit-tests\blit-tests.cpp">
      <Filter>Source Files</Filter>
    </ClCompile>
  </ItemGroup>
  <ItemGroup>
    <ClInclude Include="visual-tests-app.h">
      <Filter>Header Files</Filter>
    </ClInclude>
    <ClInclude Include="visual-tests-manager.h">
      <Filter>Header Files</Filter>
    </ClInclude>
    <ClInclude Include="tests\example-test\example-test.h">
      <Filter>Header Files</Filter>
    </ClInclude>
    <ClInclude Include="abstract-visual-test.h">
      <Filter>Header Files</Filter>
    </ClInclude>
    <ClInclude Include="visual-tests-frame.h">
      <Filter>Header Files</Filter>
    </ClInclude>
    <ClInclude Include="visual-test-record.h">
      <Filter>Header Files</Filter>
    </ClInclude>
    <ClInclude Include="tests\animation-generator-ui-test\animation-generator-ui-test.h">
      <Filter>Header Files</Filter>
    </ClInclude>
    <ClInclude Include="tests\graphic-buffer\graphic-buffer-test.h">
      <Filter>Header Files</Filter>
    </ClInclude>
    <ClInclude Include="tests\graphic-buffer\sourcebmp.h">
      <Filter>Header Files</Filter>
    </ClInclude>
    <ClInclude Include="tests\sections-test\sections-test.h">
      <Filter>Header Files</Filter>
    </ClInclude>
    <ClInclude Include="tests\graphic-buffer\testcase1bmp.h">
      <Filter>Header Files</Filter>
    </ClInclude>
    <ClInclude Include="tests\blit-tests\blit-tests.h">
      <Filter>Header Files</Filter>
    </ClInclude>
    <ClInclude Include="tests\animation-generator-ui-test\endkeyframe.h">
      <Filter>Header Files</Filter>
    </ClInclude>
    <ClInclude Include="tests\animation-generator-ui-test\interframe.h">
      <Filter>Header Files</Filter>
    </ClInclude>
    <ClInclude Include="tests\animation-generator-ui-test\startkeyframe.h">
      <Filter>Header Files</Filter>
    </ClInclude>
  </ItemGroup>
</Project>